// !$*UTF8*$!
{
	archiveVersion = 1;
	classes = {
	};
	objectVersion = 50;
	objects = {

/* Begin PBXBuildFile section */
		85AE351C24D3B59200FB03D2 /* AppDelegate.swift in Sources */ = {isa = PBXBuildFile; fileRef = 85AE351B24D3B59200FB03D2 /* AppDelegate.swift */; };
		85AE351E24D3B59200FB03D2 /* ViewController.swift in Sources */ = {isa = PBXBuildFile; fileRef = 85AE351D24D3B59200FB03D2 /* ViewController.swift */; };
		85AE352024D3B59300FB03D2 /* Assets.xcassets in Resources */ = {isa = PBXBuildFile; fileRef = 85AE351F24D3B59300FB03D2 /* Assets.xcassets */; };
		85AE352324D3B59300FB03D2 /* Main.storyboard in Resources */ = {isa = PBXBuildFile; fileRef = 85AE352124D3B59300FB03D2 /* Main.storyboard */; };
		85AE353B24D3B67F00FB03D2 /* Canvas2.framework in Frameworks */ = {isa = PBXBuildFile; fileRef = 85AE353524D3B67900FB03D2 /* Canvas2.framework */; };
		85AE353C24D3B67F00FB03D2 /* Canvas2.framework in Embed Frameworks */ = {isa = PBXBuildFile; fileRef = 85AE353524D3B67900FB03D2 /* Canvas2.framework */; settings = {ATTRIBUTES = (CodeSignOnCopy, RemoveHeadersOnCopy, ); }; };
		85AE353F24D3B8B200FB03D2 /* ShapeList.swift in Sources */ = {isa = PBXBuildFile; fileRef = 85AE353E24D3B8B200FB03D2 /* ShapeList.swift */; };
		85AE354624D3B8F100FB03D2 /* GoniometerShape.swift in Sources */ = {isa = PBXBuildFile; fileRef = 85AE354124D3B8F100FB03D2 /* GoniometerShape.swift */; };
		85AE354724D3B8F100FB03D2 /* CircleShape.swift in Sources */ = {isa = PBXBuildFile; fileRef = 85AE354224D3B8F100FB03D2 /* CircleShape.swift */; };
		85AE354824D3B8F100FB03D2 /* PolygonShape.swift in Sources */ = {isa = PBXBuildFile; fileRef = 85AE354324D3B8F100FB03D2 /* PolygonShape.swift */; };
		85AE354924D3B8F100FB03D2 /* RectangleShape.swift in Sources */ = {isa = PBXBuildFile; fileRef = 85AE354424D3B8F100FB03D2 /* RectangleShape.swift */; };
		85AE354A24D3B8F100FB03D2 /* RulerShape.swift in Sources */ = {isa = PBXBuildFile; fileRef = 85AE354524D3B8F100FB03D2 /* RulerShape.swift */; };
/* End PBXBuildFile section */

/* Begin PBXContainerItemProxy section */
		85AE353424D3B67900FB03D2 /* PBXContainerItemProxy */ = {
			isa = PBXContainerItemProxy;
			containerPortal = 85AE352D24D3B67900FB03D2 /* Canvas2.xcodeproj */;
			proxyType = 2;
			remoteGlobalIDString = "Canvas2::Canvas2::Product";
			remoteInfo = Canvas2;
		};
		85AE353624D3B67900FB03D2 /* PBXContainerItemProxy */ = {
			isa = PBXContainerItemProxy;
			containerPortal = 85AE352D24D3B67900FB03D2 /* Canvas2.xcodeproj */;
			proxyType = 2;
			remoteGlobalIDString = "Canvas2::Canvas2Tests::Product";
			remoteInfo = Canvas2Tests;
		};
/* End PBXContainerItemProxy section */

/* Begin PBXCopyFilesBuildPhase section */
		85AE353D24D3B67F00FB03D2 /* Embed Frameworks */ = {
			isa = PBXCopyFilesBuildPhase;
			buildActionMask = 2147483647;
			dstPath = "";
			dstSubfolderSpec = 10;
			files = (
				85AE353C24D3B67F00FB03D2 /* Canvas2.framework in Embed Frameworks */,
			);
			name = "Embed Frameworks";
			runOnlyForDeploymentPostprocessing = 0;
		};
/* End PBXCopyFilesBuildPhase section */

/* Begin PBXFileReference section */
		85AE351824D3B59200FB03D2 /* Canvas2Demo.app */ = {isa = PBXFileReference; explicitFileType = wrapper.application; includeInIndex = 0; path = Canvas2Demo.app; sourceTree = BUILT_PRODUCTS_DIR; };
		85AE351B24D3B59200FB03D2 /* AppDelegate.swift */ = {isa = PBXFileReference; lastKnownFileType = sourcecode.swift; path = AppDelegate.swift; sourceTree = "<group>"; };
		85AE351D24D3B59200FB03D2 /* ViewController.swift */ = {isa = PBXFileReference; lastKnownFileType = sourcecode.swift; path = ViewController.swift; sourceTree = "<group>"; };
		85AE351F24D3B59300FB03D2 /* Assets.xcassets */ = {isa = PBXFileReference; lastKnownFileType = folder.assetcatalog; path = Assets.xcassets; sourceTree = "<group>"; };
		85AE352224D3B59300FB03D2 /* Base */ = {isa = PBXFileReference; lastKnownFileType = file.storyboard; name = Base; path = Base.lproj/Main.storyboard; sourceTree = "<group>"; };
		85AE352424D3B59300FB03D2 /* Info.plist */ = {isa = PBXFileReference; lastKnownFileType = text.plist.xml; path = Info.plist; sourceTree = "<group>"; };
		85AE352524D3B59300FB03D2 /* Canvas2Demo.entitlements */ = {isa = PBXFileReference; lastKnownFileType = text.plist.entitlements; path = Canvas2Demo.entitlements; sourceTree = "<group>"; };
		85AE352D24D3B67900FB03D2 /* Canvas2.xcodeproj */ = {isa = PBXFileReference; lastKnownFileType = "wrapper.pb-project"; name = Canvas2.xcodeproj; path = ../Canvas2.xcodeproj; sourceTree = "<group>"; };
		85AE353E24D3B8B200FB03D2 /* ShapeList.swift */ = {isa = PBXFileReference; lastKnownFileType = sourcecode.swift; path = ShapeList.swift; sourceTree = "<group>"; };
		85AE354124D3B8F100FB03D2 /* GoniometerShape.swift */ = {isa = PBXFileReference; fileEncoding = 4; lastKnownFileType = sourcecode.swift; path = GoniometerShape.swift; sourceTree = "<group>"; };
		85AE354224D3B8F100FB03D2 /* CircleShape.swift */ = {isa = PBXFileReference; fileEncoding = 4; lastKnownFileType = sourcecode.swift; path = CircleShape.swift; sourceTree = "<group>"; };
		85AE354324D3B8F100FB03D2 /* PolygonShape.swift */ = {isa = PBXFileReference; fileEncoding = 4; lastKnownFileType = sourcecode.swift; path = PolygonShape.swift; sourceTree = "<group>"; };
		85AE354424D3B8F100FB03D2 /* RectangleShape.swift */ = {isa = PBXFileReference; fileEncoding = 4; lastKnownFileType = sourcecode.swift; path = RectangleShape.swift; sourceTree = "<group>"; };
		85AE354524D3B8F100FB03D2 /* RulerShape.swift */ = {isa = PBXFileReference; fileEncoding = 4; lastKnownFileType = sourcecode.swift; path = RulerShape.swift; sourceTree = "<group>"; };
/* End PBXFileReference section */

/* Begin PBXFrameworksBuildPhase section */
		85AE351524D3B59200FB03D2 /* Frameworks */ = {
			isa = PBXFrameworksBuildPhase;
			buildActionMask = 2147483647;
			files = (
				85AE353B24D3B67F00FB03D2 /* Canvas2.framework in Frameworks */,
			);
			runOnlyForDeploymentPostprocessing = 0;
		};
/* End PBXFrameworksBuildPhase section */

/* Begin PBXGroup section */
		85AE350F24D3B59200FB03D2 = {
			isa = PBXGroup;
			children = (
				85AE352D24D3B67900FB03D2 /* Canvas2.xcodeproj */,
				85AE351A24D3B59200FB03D2 /* Canvas2Demo */,
				85AE351924D3B59200FB03D2 /* Products */,
				85AE353A24D3B67F00FB03D2 /* Frameworks */,
			);
			sourceTree = "<group>";
		};
		85AE351924D3B59200FB03D2 /* Products */ = {
			isa = PBXGroup;
			children = (
				85AE351824D3B59200FB03D2 /* Canvas2Demo.app */,
			);
			name = Products;
			sourceTree = "<group>";
		};
		85AE351A24D3B59200FB03D2 /* Canvas2Demo */ = {
			isa = PBXGroup;
			children = (
				85AE354024D3B8DD00FB03D2 /* Shapes */,
				85AE351B24D3B59200FB03D2 /* AppDelegate.swift */,
				85AE351D24D3B59200FB03D2 /* ViewController.swift */,
				85AE353E24D3B8B200FB03D2 /* ShapeList.swift */,
				85AE351F24D3B59300FB03D2 /* Assets.xcassets */,
				85AE352124D3B59300FB03D2 /* Main.storyboard */,
				85AE352424D3B59300FB03D2 /* Info.plist */,
				85AE352524D3B59300FB03D2 /* Canvas2Demo.entitlements */,
			);
			path = Canvas2Demo;
			sourceTree = "<group>";
		};
		85AE352E24D3B67900FB03D2 /* Products */ = {
			isa = PBXGroup;
			children = (
				85AE353524D3B67900FB03D2 /* Canvas2.framework */,
				85AE353724D3B67900FB03D2 /* Canvas2Tests.xctest */,
			);
			name = Products;
			sourceTree = "<group>";
		};
		85AE353A24D3B67F00FB03D2 /* Frameworks */ = {
			isa = PBXGroup;
			children = (
			);
			name = Frameworks;
			sourceTree = "<group>";
		};
		85AE354024D3B8DD00FB03D2 /* Shapes */ = {
			isa = PBXGroup;
			children = (
				85AE354224D3B8F100FB03D2 /* CircleShape.swift */,
				85AE354124D3B8F100FB03D2 /* GoniometerShape.swift */,
				85AE354324D3B8F100FB03D2 /* PolygonShape.swift */,
				85AE354424D3B8F100FB03D2 /* RectangleShape.swift */,
				85AE354524D3B8F100FB03D2 /* RulerShape.swift */,
			);
			path = Shapes;
			sourceTree = "<group>";
		};
/* End PBXGroup section */

/* Begin PBXNativeTarget section */
		85AE351724D3B59200FB03D2 /* Canvas2Demo */ = {
			isa = PBXNativeTarget;
			buildConfigurationList = 85AE352824D3B59300FB03D2 /* Build configuration list for PBXNativeTarget "Canvas2Demo" */;
			buildPhases = (
				85AE351424D3B59200FB03D2 /* Sources */,
				85AE351524D3B59200FB03D2 /* Frameworks */,
				85AE351624D3B59200FB03D2 /* Resources */,
				85AE353D24D3B67F00FB03D2 /* Embed Frameworks */,
			);
			buildRules = (
			);
			dependencies = (
			);
			name = Canvas2Demo;
			productName = Canvas2Demo;
			productReference = 85AE351824D3B59200FB03D2 /* Canvas2Demo.app */;
			productType = "com.apple.product-type.application";
		};
/* End PBXNativeTarget section */

/* Begin PBXProject section */
		85AE351024D3B59200FB03D2 /* Project object */ = {
			isa = PBXProject;
			attributes = {
				LastSwiftUpdateCheck = 1160;
				LastUpgradeCheck = 1160;
				ORGANIZATIONNAME = scchn;
				TargetAttributes = {
					85AE351724D3B59200FB03D2 = {
						CreatedOnToolsVersion = 11.6;
					};
				};
			};
			buildConfigurationList = 85AE351324D3B59200FB03D2 /* Build configuration list for PBXProject "Canvas2Demo" */;
			compatibilityVersion = "Xcode 9.3";
			developmentRegion = en;
			hasScannedForEncodings = 0;
			knownRegions = (
				en,
				Base,
			);
			mainGroup = 85AE350F24D3B59200FB03D2;
			productRefGroup = 85AE351924D3B59200FB03D2 /* Products */;
			projectDirPath = "";
			projectReferences = (
				{
					ProductGroup = 85AE352E24D3B67900FB03D2 /* Products */;
					ProjectRef = 85AE352D24D3B67900FB03D2 /* Canvas2.xcodeproj */;
				},
			);
			projectRoot = "";
			targets = (
				85AE351724D3B59200FB03D2 /* Canvas2Demo */,
			);
		};
/* End PBXProject section */

/* Begin PBXReferenceProxy section */
		85AE353524D3B67900FB03D2 /* Canvas2.framework */ = {
			isa = PBXReferenceProxy;
			fileType = wrapper.framework;
			path = Canvas2.framework;
			remoteRef = 85AE353424D3B67900FB03D2 /* PBXContainerItemProxy */;
			sourceTree = BUILT_PRODUCTS_DIR;
		};
		85AE353724D3B67900FB03D2 /* Canvas2Tests.xctest */ = {
			isa = PBXReferenceProxy;
			fileType = file;
			path = Canvas2Tests.xctest;
			remoteRef = 85AE353624D3B67900FB03D2 /* PBXContainerItemProxy */;
			sourceTree = BUILT_PRODUCTS_DIR;
		};
/* End PBXReferenceProxy section */

/* Begin PBXResourcesBuildPhase section */
		85AE351624D3B59200FB03D2 /* Resources */ = {
			isa = PBXResourcesBuildPhase;
			buildActionMask = 2147483647;
			files = (
				85AE352024D3B59300FB03D2 /* Assets.xcassets in Resources */,
				85AE352324D3B59300FB03D2 /* Main.storyboard in Resources */,
			);
			runOnlyForDeploymentPostprocessing = 0;
		};
/* End PBXResourcesBuildPhase section */

/* Begin PBXSourcesBuildPhase section */
		85AE351424D3B59200FB03D2 /* Sources */ = {
			isa = PBXSourcesBuildPhase;
			buildActionMask = 2147483647;
			files = (
				85AE354A24D3B8F100FB03D2 /* RulerShape.swift in Sources */,
				85AE354724D3B8F100FB03D2 /* CircleShape.swift in Sources */,
				85AE354624D3B8F100FB03D2 /* GoniometerShape.swift in Sources */,
				85AE354824D3B8F100FB03D2 /* PolygonShape.swift in Sources */,
				85AE353F24D3B8B200FB03D2 /* ShapeList.swift in Sources */,
				85AE351E24D3B59200FB03D2 /* ViewController.swift in Sources */,
				85AE351C24D3B59200FB03D2 /* AppDelegate.swift in Sources */,
				85AE354924D3B8F100FB03D2 /* RectangleShape.swift in Sources */,
			);
			runOnlyForDeploymentPostprocessing = 0;
		};
/* End PBXSourcesBuildPhase section */

/* Begin PBXVariantGroup section */
		85AE352124D3B59300FB03D2 /* Main.storyboard */ = {
			isa = PBXVariantGroup;
			children = (
				85AE352224D3B59300FB03D2 /* Base */,
			);
			name = Main.storyboard;
			sourceTree = "<group>";
		};
/* End PBXVariantGroup section */

/* Begin XCBuildConfiguration section */
		85AE352624D3B59300FB03D2 /* Debug */ = {
			isa = XCBuildConfiguration;
			buildSettings = {
				ALWAYS_SEARCH_USER_PATHS = NO;
				CLANG_ANALYZER_NONNULL = YES;
				CLANG_ANALYZER_NUMBER_OBJECT_CONVERSION = YES_AGGRESSIVE;
				CLANG_CXX_LANGUAGE_STANDARD = "gnu++14";
				CLANG_CXX_LIBRARY = "libc++";
				CLANG_ENABLE_MODULES = YES;
				CLANG_ENABLE_OBJC_ARC = YES;
				CLANG_ENABLE_OBJC_WEAK = YES;
				CLANG_WARN_BLOCK_CAPTURE_AUTORELEASING = YES;
				CLANG_WARN_BOOL_CONVERSION = YES;
				CLANG_WARN_COMMA = YES;
				CLANG_WARN_CONSTANT_CONVERSION = YES;
				CLANG_WARN_DEPRECATED_OBJC_IMPLEMENTATIONS = YES;
				CLANG_WARN_DIRECT_OBJC_ISA_USAGE = YES_ERROR;
				CLANG_WARN_DOCUMENTATION_COMMENTS = YES;
				CLANG_WARN_EMPTY_BODY = YES;
				CLANG_WARN_ENUM_CONVERSION = YES;
				CLANG_WARN_INFINITE_RECURSION = YES;
				CLANG_WARN_INT_CONVERSION = YES;
				CLANG_WARN_NON_LITERAL_NULL_CONVERSION = YES;
				CLANG_WARN_OBJC_IMPLICIT_RETAIN_SELF = YES;
				CLANG_WARN_OBJC_LITERAL_CONVERSION = YES;
				CLANG_WARN_OBJC_ROOT_CLASS = YES_ERROR;
				CLANG_WARN_RANGE_LOOP_ANALYSIS = YES;
				CLANG_WARN_STRICT_PROTOTYPES = YES;
				CLANG_WARN_SUSPICIOUS_MOVE = YES;
				CLANG_WARN_UNGUARDED_AVAILABILITY = YES_AGGRESSIVE;
				CLANG_WARN_UNREACHABLE_CODE = YES;
				CLANG_WARN__DUPLICATE_METHOD_MATCH = YES;
				COPY_PHASE_STRIP = NO;
				DEBUG_INFORMATION_FORMAT = dwarf;
				ENABLE_STRICT_OBJC_MSGSEND = YES;
				ENABLE_TESTABILITY = YES;
				GCC_C_LANGUAGE_STANDARD = gnu11;
				GCC_DYNAMIC_NO_PIC = NO;
				GCC_NO_COMMON_BLOCKS = YES;
				GCC_OPTIMIZATION_LEVEL = 0;
				GCC_PREPROCESSOR_DEFINITIONS = (
					"DEBUG=1",
					"$(inherited)",
				);
				GCC_WARN_64_TO_32_BIT_CONVERSION = YES;
				GCC_WARN_ABOUT_RETURN_TYPE = YES_ERROR;
				GCC_WARN_UNDECLARED_SELECTOR = YES;
				GCC_WARN_UNINITIALIZED_AUTOS = YES_AGGRESSIVE;
				GCC_WARN_UNUSED_FUNCTION = YES;
				GCC_WARN_UNUSED_VARIABLE = YES;
				MACOSX_DEPLOYMENT_TARGET = 10.15;
				MTL_ENABLE_DEBUG_INFO = INCLUDE_SOURCE;
				MTL_FAST_MATH = YES;
				ONLY_ACTIVE_ARCH = YES;
				SDKROOT = macosx;
				SWIFT_ACTIVE_COMPILATION_CONDITIONS = DEBUG;
				SWIFT_OPTIMIZATION_LEVEL = "-Onone";
			};
			name = Debug;
		};
		85AE352724D3B59300FB03D2 /* Release */ = {
			isa = XCBuildConfiguration;
			buildSettings = {
				ALWAYS_SEARCH_USER_PATHS = NO;
				CLANG_ANALYZER_NONNULL = YES;
				CLANG_ANALYZER_NUMBER_OBJECT_CONVERSION = YES_AGGRESSIVE;
				CLANG_CXX_LANGUAGE_STANDARD = "gnu++14";
				CLANG_CXX_LIBRARY = "libc++";
				CLANG_ENABLE_MODULES = YES;
				CLANG_ENABLE_OBJC_ARC = YES;
				CLANG_ENABLE_OBJC_WEAK = YES;
				CLANG_WARN_BLOCK_CAPTURE_AUTORELEASING = YES;
				CLANG_WARN_BOOL_CONVERSION = YES;
				CLANG_WARN_COMMA = YES;
				CLANG_WARN_CONSTANT_CONVERSION = YES;
				CLANG_WARN_DEPRECATED_OBJC_IMPLEMENTATIONS = YES;
				CLANG_WARN_DIRECT_OBJC_ISA_USAGE = YES_ERROR;
				CLANG_WARN_DOCUMENTATION_COMMENTS = YES;
				CLANG_WARN_EMPTY_BODY = YES;
				CLANG_WARN_ENUM_CONVERSION = YES;
				CLANG_WARN_INFINITE_RECURSION = YES;
				CLANG_WARN_INT_CONVERSION = YES;
				CLANG_WARN_NON_LITERAL_NULL_CONVERSION = YES;
				CLANG_WARN_OBJC_IMPLICIT_RETAIN_SELF = YES;
				CLANG_WARN_OBJC_LITERAL_CONVERSION = YES;
				CLANG_WARN_OBJC_ROOT_CLASS = YES_ERROR;
				CLANG_WARN_RANGE_LOOP_ANALYSIS = YES;
				CLANG_WARN_STRICT_PROTOTYPES = YES;
				CLANG_WARN_SUSPICIOUS_MOVE = YES;
				CLANG_WARN_UNGUARDED_AVAILABILITY = YES_AGGRESSIVE;
				CLANG_WARN_UNREACHABLE_CODE = YES;
				CLANG_WARN__DUPLICATE_METHOD_MATCH = YES;
				COPY_PHASE_STRIP = NO;
				DEBUG_INFORMATION_FORMAT = "dwarf-with-dsym";
				ENABLE_NS_ASSERTIONS = NO;
				ENABLE_STRICT_OBJC_MSGSEND = YES;
				GCC_C_LANGUAGE_STANDARD = gnu11;
				GCC_NO_COMMON_BLOCKS = YES;
				GCC_WARN_64_TO_32_BIT_CONVERSION = YES;
				GCC_WARN_ABOUT_RETURN_TYPE = YES_ERROR;
				GCC_WARN_UNDECLARED_SELECTOR = YES;
				GCC_WARN_UNINITIALIZED_AUTOS = YES_AGGRESSIVE;
				GCC_WARN_UNUSED_FUNCTION = YES;
				GCC_WARN_UNUSED_VARIABLE = YES;
				MACOSX_DEPLOYMENT_TARGET = 10.15;
				MTL_ENABLE_DEBUG_INFO = NO;
				MTL_FAST_MATH = YES;
				SDKROOT = macosx;
				SWIFT_COMPILATION_MODE = wholemodule;
				SWIFT_OPTIMIZATION_LEVEL = "-O";
			};
			name = Release;
		};
		85AE352924D3B59300FB03D2 /* Debug */ = {
			isa = XCBuildConfiguration;
			buildSettings = {
				ASSETCATALOG_COMPILER_APPICON_NAME = AppIcon;
				CODE_SIGN_ENTITLEMENTS = Canvas2Demo/Canvas2Demo.entitlements;
				CODE_SIGN_STYLE = Automatic;
				COMBINE_HIDPI_IMAGES = YES;
				DEVELOPMENT_TEAM = 2C78ZAFN4V;
				ENABLE_HARDENED_RUNTIME = YES;
				INFOPLIST_FILE = Canvas2Demo/Info.plist;
				LD_RUNPATH_SEARCH_PATHS = (
					"$(inherited)",
					"@executable_path/../Frameworks",
				);
				PRODUCT_BUNDLE_IDENTIFIER = com.scchn.Canvas2Demo;
				PRODUCT_NAME = "$(TARGET_NAME)";
				SWIFT_VERSION = 5.0;
			};
			name = Debug;
		};
		85AE352A24D3B59300FB03D2 /* Release */ = {
			isa = XCBuildConfiguration;
			buildSettings = {
				ASSETCATALOG_COMPILER_APPICON_NAME = AppIcon;
				CODE_SIGN_ENTITLEMENTS = Canvas2Demo/Canvas2Demo.entitlements;
				CODE_SIGN_STYLE = Automatic;
				COMBINE_HIDPI_IMAGES = YES;
				DEVELOPMENT_TEAM = 2C78ZAFN4V;
				ENABLE_HARDENED_RUNTIME = YES;
				INFOPLIST_FILE = Canvas2Demo/Info.plist;
				LD_RUNPATH_SEARCH_PATHS = (
					"$(inherited)",
					"@executable_path/../Frameworks",
				);
				PRODUCT_BUNDLE_IDENTIFIER = com.scchn.Canvas2Demo;
				PRODUCT_NAME = "$(TARGET_NAME)";
				SWIFT_VERSION = 5.0;
			};
			name = Release;
		};
/* End XCBuildConfiguration section */

/* Begin XCConfigurationList section */
		85AE351324D3B59200FB03D2 /* Build configuration list for PBXProject "Canvas2Demo" */ = {
			isa = XCConfigurationList;
			buildConfigurations = (
				85AE352624D3B59300FB03D2 /* Debug */,
				85AE352724D3B59300FB03D2 /* Release */,
			);
			defaultConfigurationIsVisible = 0;
			defaultConfigurationName = Release;
		};
		85AE352824D3B59300FB03D2 /* Build configuration list for PBXNativeTarget "Canvas2Demo" */ = {
			isa = XCConfigurationList;
			buildConfigurations = (
				85AE352924D3B59300FB03D2 /* Debug */,
				85AE352A24D3B59300FB03D2 /* Release */,
			);
			defaultConfigurationIsVisible = 0;
			defaultConfigurationName = Release;
		};
/* End XCConfigurationList section */
	};
	rootObject = 85AE351024D3B59200FB03D2 /* Project object */;
}
