// !$*UTF8*$!
{
	archiveVersion = 1;
	classes = {
	};
	objectVersion = 46;
	objects = {

/* Begin PBXAggregateTarget section */
		"Canvas2::Canvas2PackageTests::ProductTarget" /* Canvas2PackageTests */ = {
			isa = PBXAggregateTarget;
			buildConfigurationList = OBJ_60 /* Build configuration list for PBXAggregateTarget "Canvas2PackageTests" */;
			buildPhases = (
			);
			dependencies = (
				OBJ_63 /* PBXTargetDependency */,
			);
			name = Canvas2PackageTests;
			productName = Canvas2PackageTests;
		};
/* End PBXAggregateTarget section */

/* Begin PBXBuildFile section */
		85878CA524DA6398008BB763 /* ShapeEncoder.swift in Sources */ = {isa = PBXBuildFile; fileRef = 85878CA424DA6398008BB763 /* ShapeEncoder.swift */; };
		85878CA724DA63A6008BB763 /* ShapeDecoder.swift in Sources */ = {isa = PBXBuildFile; fileRef = 85878CA624DA63A6008BB763 /* ShapeDecoder.swift */; };
		OBJ_39 /* Layout.swift in Sources */ = {isa = PBXBuildFile; fileRef = OBJ_9 /* Layout.swift */; };
		OBJ_40 /* Shape.swift in Sources */ = {isa = PBXBuildFile; fileRef = OBJ_10 /* Shape.swift */; };
		OBJ_41 /* ShapePath.swift in Sources */ = {isa = PBXBuildFile; fileRef = OBJ_11 /* ShapePath.swift */; };
		OBJ_42 /* ShapeText.swift in Sources */ = {isa = PBXBuildFile; fileRef = OBJ_12 /* ShapeText.swift */; };
		OBJ_43 /* Utils.swift in Sources */ = {isa = PBXBuildFile; fileRef = OBJ_13 /* Utils.swift */; };
		OBJ_44 /* CGContext+Ext.swift in Sources */ = {isa = PBXBuildFile; fileRef = OBJ_15 /* CGContext+Ext.swift */; };
		OBJ_45 /* CGPath+Ext.swift in Sources */ = {isa = PBXBuildFile; fileRef = OBJ_16 /* CGPath+Ext.swift */; };
		OBJ_46 /* CGPoint+Ext.swift in Sources */ = {isa = PBXBuildFile; fileRef = OBJ_17 /* CGPoint+Ext.swift */; };
		OBJ_47 /* CGRect+Ext.swift in Sources */ = {isa = PBXBuildFile; fileRef = OBJ_18 /* CGRect+Ext.swift */; };
		OBJ_48 /* Arc.swift in Sources */ = {isa = PBXBuildFile; fileRef = OBJ_20 /* Arc.swift */; };
		OBJ_49 /* Circle.swift in Sources */ = {isa = PBXBuildFile; fileRef = OBJ_21 /* Circle.swift */; };
		OBJ_50 /* Line.swift in Sources */ = {isa = PBXBuildFile; fileRef = OBJ_22 /* Line.swift */; };
		OBJ_51 /* CanvasView.swift in Sources */ = {isa = PBXBuildFile; fileRef = OBJ_24 /* CanvasView.swift */; };
		OBJ_58 /* Package.swift in Sources */ = {isa = PBXBuildFile; fileRef = OBJ_6 /* Package.swift */; };
		OBJ_69 /* Canvas2Tests.swift in Sources */ = {isa = PBXBuildFile; fileRef = OBJ_27 /* Canvas2Tests.swift */; };
		OBJ_70 /* XCTestManifests.swift in Sources */ = {isa = PBXBuildFile; fileRef = OBJ_28 /* XCTestManifests.swift */; };
		OBJ_72 /* Canvas2.framework in Frameworks */ = {isa = PBXBuildFile; fileRef = "Canvas2::Canvas2::Product" /* Canvas2.framework */; };
/* End PBXBuildFile section */

/* Begin PBXContainerItemProxy section */
		85878CA224DA61B6008BB763 /* PBXContainerItemProxy */ = {
			isa = PBXContainerItemProxy;
			containerPortal = OBJ_1 /* Project object */;
			proxyType = 1;
			remoteGlobalIDString = "Canvas2::Canvas2";
			remoteInfo = Canvas2;
		};
		85878CA324DA61B9008BB763 /* PBXContainerItemProxy */ = {
			isa = PBXContainerItemProxy;
			containerPortal = OBJ_1 /* Project object */;
			proxyType = 1;
			remoteGlobalIDString = "Canvas2::Canvas2Tests";
			remoteInfo = Canvas2Tests;
		};
/* End PBXContainerItemProxy section */

/* Begin PBXFileReference section */
		85878CA424DA6398008BB763 /* ShapeEncoder.swift */ = {isa = PBXFileReference; lastKnownFileType = sourcecode.swift; path = ShapeEncoder.swift; sourceTree = "<group>"; };
		85878CA624DA63A6008BB763 /* ShapeDecoder.swift */ = {isa = PBXFileReference; lastKnownFileType = sourcecode.swift; path = ShapeDecoder.swift; sourceTree = "<group>"; };
		"Canvas2::Canvas2::Product" /* Canvas2.framework */ = {isa = PBXFileReference; lastKnownFileType = wrapper.framework; path = Canvas2.framework; sourceTree = BUILT_PRODUCTS_DIR; };
		"Canvas2::Canvas2Tests::Product" /* Canvas2Tests.xctest */ = {isa = PBXFileReference; lastKnownFileType = file; path = Canvas2Tests.xctest; sourceTree = BUILT_PRODUCTS_DIR; };
		OBJ_10 /* Shape.swift */ = {isa = PBXFileReference; lastKnownFileType = sourcecode.swift; path = Shape.swift; sourceTree = "<group>"; };
		OBJ_11 /* ShapePath.swift */ = {isa = PBXFileReference; lastKnownFileType = sourcecode.swift; path = ShapePath.swift; sourceTree = "<group>"; };
		OBJ_12 /* ShapeText.swift */ = {isa = PBXFileReference; lastKnownFileType = sourcecode.swift; path = ShapeText.swift; sourceTree = "<group>"; };
		OBJ_13 /* Utils.swift */ = {isa = PBXFileReference; lastKnownFileType = sourcecode.swift; path = Utils.swift; sourceTree = "<group>"; };
		OBJ_15 /* CGContext+Ext.swift */ = {isa = PBXFileReference; lastKnownFileType = sourcecode.swift; path = "CGContext+Ext.swift"; sourceTree = "<group>"; };
		OBJ_16 /* CGPath+Ext.swift */ = {isa = PBXFileReference; lastKnownFileType = sourcecode.swift; path = "CGPath+Ext.swift"; sourceTree = "<group>"; };
		OBJ_17 /* CGPoint+Ext.swift */ = {isa = PBXFileReference; lastKnownFileType = sourcecode.swift; path = "CGPoint+Ext.swift"; sourceTree = "<group>"; };
		OBJ_18 /* CGRect+Ext.swift */ = {isa = PBXFileReference; lastKnownFileType = sourcecode.swift; path = "CGRect+Ext.swift"; sourceTree = "<group>"; };
		OBJ_20 /* Arc.swift */ = {isa = PBXFileReference; lastKnownFileType = sourcecode.swift; path = Arc.swift; sourceTree = "<group>"; };
		OBJ_21 /* Circle.swift */ = {isa = PBXFileReference; lastKnownFileType = sourcecode.swift; path = Circle.swift; sourceTree = "<group>"; };
		OBJ_22 /* Line.swift */ = {isa = PBXFileReference; lastKnownFileType = sourcecode.swift; path = Line.swift; sourceTree = "<group>"; };
		OBJ_24 /* CanvasView.swift */ = {isa = PBXFileReference; lastKnownFileType = sourcecode.swift; path = CanvasView.swift; sourceTree = "<group>"; };
		OBJ_27 /* Canvas2Tests.swift */ = {isa = PBXFileReference; lastKnownFileType = sourcecode.swift; path = Canvas2Tests.swift; sourceTree = "<group>"; };
		OBJ_28 /* XCTestManifests.swift */ = {isa = PBXFileReference; lastKnownFileType = sourcecode.swift; path = XCTestManifests.swift; sourceTree = "<group>"; };
		OBJ_32 /* Example */ = {isa = PBXFileReference; lastKnownFileType = folder; path = Example; sourceTree = SOURCE_ROOT; };
		OBJ_33 /* README.md */ = {isa = PBXFileReference; lastKnownFileType = net.daringfireball.markdown; path = README.md; sourceTree = "<group>"; };
		OBJ_6 /* Package.swift */ = {isa = PBXFileReference; explicitFileType = sourcecode.swift; path = Package.swift; sourceTree = "<group>"; };
		OBJ_9 /* Layout.swift */ = {isa = PBXFileReference; lastKnownFileType = sourcecode.swift; path = Layout.swift; sourceTree = "<group>"; };
/* End PBXFileReference section */

/* Begin PBXFrameworksBuildPhase section */
		OBJ_52 /* Frameworks */ = {
			isa = PBXFrameworksBuildPhase;
			buildActionMask = 0;
			files = (
			);
			runOnlyForDeploymentPostprocessing = 0;
		};
		OBJ_71 /* Frameworks */ = {
			isa = PBXFrameworksBuildPhase;
			buildActionMask = 0;
			files = (
				OBJ_72 /* Canvas2.framework in Frameworks */,
			);
			runOnlyForDeploymentPostprocessing = 0;
		};
/* End PBXFrameworksBuildPhase section */

/* Begin PBXGroup section */
		OBJ_14 /* Extensions */ = {
			isa = PBXGroup;
			children = (
				OBJ_15 /* CGContext+Ext.swift */,
				OBJ_16 /* CGPath+Ext.swift */,
				OBJ_17 /* CGPoint+Ext.swift */,
				OBJ_18 /* CGRect+Ext.swift */,
			);
			path = Extensions;
			sourceTree = "<group>";
		};
		OBJ_19 /* Models */ = {
			isa = PBXGroup;
			children = (
				OBJ_20 /* Arc.swift */,
				OBJ_21 /* Circle.swift */,
				OBJ_22 /* Line.swift */,
			);
			path = Models;
			sourceTree = "<group>";
		};
		OBJ_23 /* UI */ = {
			isa = PBXGroup;
			children = (
				OBJ_24 /* CanvasView.swift */,
			);
			path = UI;
			sourceTree = "<group>";
		};
		OBJ_25 /* Tests */ = {
			isa = PBXGroup;
			children = (
				OBJ_26 /* Canvas2Tests */,
			);
			name = Tests;
			sourceTree = SOURCE_ROOT;
		};
		OBJ_26 /* Canvas2Tests */ = {
			isa = PBXGroup;
			children = (
				OBJ_27 /* Canvas2Tests.swift */,
				OBJ_28 /* XCTestManifests.swift */,
			);
			name = Canvas2Tests;
			path = Tests/Canvas2Tests;
			sourceTree = SOURCE_ROOT;
		};
		OBJ_29 /* Products */ = {
			isa = PBXGroup;
			children = (
				"Canvas2::Canvas2Tests::Product" /* Canvas2Tests.xctest */,
				"Canvas2::Canvas2::Product" /* Canvas2.framework */,
			);
			name = Products;
			sourceTree = BUILT_PRODUCTS_DIR;
		};
		OBJ_5 /*  */ = {
			isa = PBXGroup;
			children = (
				OBJ_6 /* Package.swift */,
				OBJ_7 /* Sources */,
				OBJ_25 /* Tests */,
				OBJ_29 /* Products */,
				OBJ_32 /* Example */,
				OBJ_33 /* README.md */,
			);
			name = "";
			sourceTree = "<group>";
		};
		OBJ_7 /* Sources */ = {
			isa = PBXGroup;
			children = (
				OBJ_8 /* Common */,
				OBJ_14 /* Extensions */,
				OBJ_19 /* Models */,
				OBJ_23 /* UI */,
			);
			path = Sources;
			sourceTree = SOURCE_ROOT;
		};
		OBJ_8 /* Common */ = {
			isa = PBXGroup;
			children = (
				OBJ_9 /* Layout.swift */,
				OBJ_10 /* Shape.swift */,
				OBJ_11 /* ShapePath.swift */,
				OBJ_12 /* ShapeText.swift */,
				OBJ_13 /* Utils.swift */,
				85878CA424DA6398008BB763 /* ShapeEncoder.swift */,
				85878CA624DA63A6008BB763 /* ShapeDecoder.swift */,
			);
			path = Common;
			sourceTree = "<group>";
		};
/* End PBXGroup section */

/* Begin PBXNativeTarget section */
		"Canvas2::Canvas2" /* Canvas2 */ = {
			isa = PBXNativeTarget;
			buildConfigurationList = OBJ_35 /* Build configuration list for PBXNativeTarget "Canvas2" */;
			buildPhases = (
				OBJ_38 /* Sources */,
				OBJ_52 /* Frameworks */,
			);
			buildRules = (
			);
			dependencies = (
			);
			name = Canvas2;
			productName = Canvas2;
			productReference = "Canvas2::Canvas2::Product" /* Canvas2.framework */;
			productType = "com.apple.product-type.framework";
		};
		"Canvas2::Canvas2Tests" /* Canvas2Tests */ = {
			isa = PBXNativeTarget;
			buildConfigurationList = OBJ_65 /* Build configuration list for PBXNativeTarget "Canvas2Tests" */;
			buildPhases = (
				OBJ_68 /* Sources */,
				OBJ_71 /* Frameworks */,
			);
			buildRules = (
			);
			dependencies = (
				OBJ_73 /* PBXTargetDependency */,
			);
			name = Canvas2Tests;
			productName = Canvas2Tests;
			productReference = "Canvas2::Canvas2Tests::Product" /* Canvas2Tests.xctest */;
			productType = "com.apple.product-type.bundle.unit-test";
		};
		"Canvas2::SwiftPMPackageDescription" /* Canvas2PackageDescription */ = {
			isa = PBXNativeTarget;
			buildConfigurationList = OBJ_54 /* Build configuration list for PBXNativeTarget "Canvas2PackageDescription" */;
			buildPhases = (
				OBJ_57 /* Sources */,
			);
			buildRules = (
			);
			dependencies = (
			);
			name = Canvas2PackageDescription;
			productName = Canvas2PackageDescription;
			productType = "com.apple.product-type.framework";
		};
/* End PBXNativeTarget section */

/* Begin PBXProject section */
		OBJ_1 /* Project object */ = {
			isa = PBXProject;
			attributes = {
				LastSwiftMigration = 9999;
				LastUpgradeCheck = 9999;
			};
			buildConfigurationList = OBJ_2 /* Build configuration list for PBXProject "Canvas2" */;
			compatibilityVersion = "Xcode 3.2";
			developmentRegion = en;
			hasScannedForEncodings = 0;
			knownRegions = (
				en,
			);
			mainGroup = OBJ_5 /*  */;
			productRefGroup = OBJ_29 /* Products */;
			projectDirPath = "";
			projectRoot = "";
			targets = (
				"Canvas2::Canvas2" /* Canvas2 */,
				"Canvas2::SwiftPMPackageDescription" /* Canvas2PackageDescription */,
				"Canvas2::Canvas2PackageTests::ProductTarget" /* Canvas2PackageTests */,
				"Canvas2::Canvas2Tests" /* Canvas2Tests */,
			);
		};
/* End PBXProject section */

/* Begin PBXSourcesBuildPhase section */
		OBJ_38 /* Sources */ = {
			isa = PBXSourcesBuildPhase;
			buildActionMask = 0;
			files = (
				OBJ_39 /* Layout.swift in Sources */,
				OBJ_40 /* Shape.swift in Sources */,
				85878CA524DA6398008BB763 /* ShapeEncoder.swift in Sources */,
				OBJ_41 /* ShapePath.swift in Sources */,
				OBJ_42 /* ShapeText.swift in Sources */,
				OBJ_43 /* Utils.swift in Sources */,
				OBJ_44 /* CGContext+Ext.swift in Sources */,
				OBJ_45 /* CGPath+Ext.swift in Sources */,
				OBJ_46 /* CGPoint+Ext.swift in Sources */,
				OBJ_47 /* CGRect+Ext.swift in Sources */,
				85878CA724DA63A6008BB763 /* ShapeDecoder.swift in Sources */,
				OBJ_48 /* Arc.swift in Sources */,
				OBJ_49 /* Circle.swift in Sources */,
				OBJ_50 /* Line.swift in Sources */,
				OBJ_51 /* CanvasView.swift in Sources */,
			);
			runOnlyForDeploymentPostprocessing = 0;
		};
		OBJ_57 /* Sources */ = {
			isa = PBXSourcesBuildPhase;
			buildActionMask = 0;
			files = (
				OBJ_58 /* Package.swift in Sources */,
			);
			runOnlyForDeploymentPostprocessing = 0;
		};
		OBJ_68 /* Sources */ = {
			isa = PBXSourcesBuildPhase;
			buildActionMask = 0;
			files = (
				OBJ_69 /* Canvas2Tests.swift in Sources */,
				OBJ_70 /* XCTestManifests.swift in Sources */,
			);
			runOnlyForDeploymentPostprocessing = 0;
		};
/* End PBXSourcesBuildPhase section */

/* Begin PBXTargetDependency section */
		OBJ_63 /* PBXTargetDependency */ = {
			isa = PBXTargetDependency;
			target = "Canvas2::Canvas2Tests" /* Canvas2Tests */;
			targetProxy = 85878CA324DA61B9008BB763 /* PBXContainerItemProxy */;
		};
		OBJ_73 /* PBXTargetDependency */ = {
			isa = PBXTargetDependency;
			target = "Canvas2::Canvas2" /* Canvas2 */;
			targetProxy = 85878CA224DA61B6008BB763 /* PBXContainerItemProxy */;
		};
/* End PBXTargetDependency section */

/* Begin XCBuildConfiguration section */
		OBJ_3 /* Debug */ = {
			isa = XCBuildConfiguration;
			buildSettings = {
				CLANG_ENABLE_OBJC_ARC = YES;
				COMBINE_HIDPI_IMAGES = YES;
				COPY_PHASE_STRIP = NO;
				DEBUG_INFORMATION_FORMAT = dwarf;
				DYLIB_INSTALL_NAME_BASE = "@rpath";
				ENABLE_NS_ASSERTIONS = YES;
				GCC_OPTIMIZATION_LEVEL = 0;
				GCC_PREPROCESSOR_DEFINITIONS = (
					"$(inherited)",
					"SWIFT_PACKAGE=1",
					"DEBUG=1",
				);
				MACOSX_DEPLOYMENT_TARGET = 10.10;
				ONLY_ACTIVE_ARCH = YES;
				OTHER_SWIFT_FLAGS = "$(inherited) -DXcode";
				PRODUCT_NAME = "$(TARGET_NAME)";
				SDKROOT = macosx;
				SUPPORTED_PLATFORMS = "macosx iphoneos iphonesimulator appletvos appletvsimulator watchos watchsimulator";
				SWIFT_ACTIVE_COMPILATION_CONDITIONS = "$(inherited) SWIFT_PACKAGE DEBUG";
				SWIFT_OPTIMIZATION_LEVEL = "-Onone";
				USE_HEADERMAP = NO;
			};
			name = Debug;
		};
		OBJ_36 /* Debug */ = {
			isa = XCBuildConfiguration;
			buildSettings = {
				ENABLE_TESTABILITY = YES;
				FRAMEWORK_SEARCH_PATHS = (
					"$(inherited)",
					"$(PLATFORM_DIR)/Developer/Library/Frameworks",
				);
				HEADER_SEARCH_PATHS = "$(inherited)";
				INFOPLIST_FILE = Canvas2.xcodeproj/Canvas2_Info.plist;
				IPHONEOS_DEPLOYMENT_TARGET = 8.0;
				LD_RUNPATH_SEARCH_PATHS = "$(inherited) $(TOOLCHAIN_DIR)/usr/lib/swift/macosx";
				MACOSX_DEPLOYMENT_TARGET = 10.10;
				OTHER_CFLAGS = "$(inherited)";
				OTHER_LDFLAGS = "$(inherited)";
				OTHER_SWIFT_FLAGS = "$(inherited)";
				PRODUCT_BUNDLE_IDENTIFIER = Canvas2;
				PRODUCT_MODULE_NAME = "$(TARGET_NAME:c99extidentifier)";
				PRODUCT_NAME = "$(TARGET_NAME:c99extidentifier)";
				SKIP_INSTALL = YES;
				SWIFT_ACTIVE_COMPILATION_CONDITIONS = "$(inherited)";
				SWIFT_VERSION = 5.0;
				TARGET_NAME = Canvas2;
				TVOS_DEPLOYMENT_TARGET = 9.0;
				WATCHOS_DEPLOYMENT_TARGET = 2.0;
			};
			name = Debug;
		};
		OBJ_37 /* Release */ = {
			isa = XCBuildConfiguration;
			buildSettings = {
				ENABLE_TESTABILITY = YES;
				FRAMEWORK_SEARCH_PATHS = (
					"$(inherited)",
					"$(PLATFORM_DIR)/Developer/Library/Frameworks",
				);
				HEADER_SEARCH_PATHS = "$(inherited)";
				INFOPLIST_FILE = Canvas2.xcodeproj/Canvas2_Info.plist;
				IPHONEOS_DEPLOYMENT_TARGET = 8.0;
				LD_RUNPATH_SEARCH_PATHS = "$(inherited) $(TOOLCHAIN_DIR)/usr/lib/swift/macosx";
				MACOSX_DEPLOYMENT_TARGET = 10.10;
				OTHER_CFLAGS = "$(inherited)";
				OTHER_LDFLAGS = "$(inherited)";
				OTHER_SWIFT_FLAGS = "$(inherited)";
				PRODUCT_BUNDLE_IDENTIFIER = Canvas2;
				PRODUCT_MODULE_NAME = "$(TARGET_NAME:c99extidentifier)";
				PRODUCT_NAME = "$(TARGET_NAME:c99extidentifier)";
				SKIP_INSTALL = YES;
				SWIFT_ACTIVE_COMPILATION_CONDITIONS = "$(inherited)";
				SWIFT_VERSION = 5.0;
				TARGET_NAME = Canvas2;
				TVOS_DEPLOYMENT_TARGET = 9.0;
				WATCHOS_DEPLOYMENT_TARGET = 2.0;
			};
			name = Release;
		};
		OBJ_4 /* Release */ = {
			isa = XCBuildConfiguration;
			buildSettings = {
				CLANG_ENABLE_OBJC_ARC = YES;
				COMBINE_HIDPI_IMAGES = YES;
				COPY_PHASE_STRIP = YES;
				DEBUG_INFORMATION_FORMAT = "dwarf-with-dsym";
				DYLIB_INSTALL_NAME_BASE = "@rpath";
				GCC_OPTIMIZATION_LEVEL = s;
				GCC_PREPROCESSOR_DEFINITIONS = (
					"$(inherited)",
					"SWIFT_PACKAGE=1",
				);
				MACOSX_DEPLOYMENT_TARGET = 10.10;
				OTHER_SWIFT_FLAGS = "$(inherited) -DXcode";
				PRODUCT_NAME = "$(TARGET_NAME)";
				SDKROOT = macosx;
				SUPPORTED_PLATFORMS = "macosx iphoneos iphonesimulator appletvos appletvsimulator watchos watchsimulator";
				SWIFT_ACTIVE_COMPILATION_CONDITIONS = "$(inherited) SWIFT_PACKAGE";
				SWIFT_OPTIMIZATION_LEVEL = "-Owholemodule";
				USE_HEADERMAP = NO;
			};
			name = Release;
		};
		OBJ_55 /* Debug */ = {
			isa = XCBuildConfiguration;
			buildSettings = {
				LD = /usr/bin/true;
				OTHER_SWIFT_FLAGS = "-swift-version 5 -I $(TOOLCHAIN_DIR)/usr/lib/swift/pm/4_2 -target x86_64-apple-macosx10.10 -sdk /Applications/Xcode.app/Contents/Developer/Platforms/MacOSX.platform/Developer/SDKs/MacOSX10.15.sdk -package-description-version 5.2.0";
				SWIFT_VERSION = 5.0;
			};
			name = Debug;
		};
		OBJ_56 /* Release */ = {
			isa = XCBuildConfiguration;
			buildSettings = {
				LD = /usr/bin/true;
				OTHER_SWIFT_FLAGS = "-swift-version 5 -I $(TOOLCHAIN_DIR)/usr/lib/swift/pm/4_2 -target x86_64-apple-macosx10.10 -sdk /Applications/Xcode.app/Contents/Developer/Platforms/MacOSX.platform/Developer/SDKs/MacOSX10.15.sdk -package-description-version 5.2.0";
				SWIFT_VERSION = 5.0;
			};
			name = Release;
		};
		OBJ_61 /* Debug */ = {
			isa = XCBuildConfiguration;
			buildSettings = {
			};
			name = Debug;
		};
		OBJ_62 /* Release */ = {
			isa = XCBuildConfiguration;
			buildSettings = {
			};
			name = Release;
		};
		OBJ_66 /* Debug */ = {
			isa = XCBuildConfiguration;
			buildSettings = {
				CLANG_ENABLE_MODULES = YES;
				EMBEDDED_CONTENT_CONTAINS_SWIFT = YES;
				FRAMEWORK_SEARCH_PATHS = (
					"$(inherited)",
					"$(PLATFORM_DIR)/Developer/Library/Frameworks",
				);
				HEADER_SEARCH_PATHS = "$(inherited)";
				INFOPLIST_FILE = Canvas2.xcodeproj/Canvas2Tests_Info.plist;
				IPHONEOS_DEPLOYMENT_TARGET = 8.0;
				LD_RUNPATH_SEARCH_PATHS = "$(inherited) @loader_path/../Frameworks @loader_path/Frameworks";
				MACOSX_DEPLOYMENT_TARGET = 10.10;
				OTHER_CFLAGS = "$(inherited)";
				OTHER_LDFLAGS = "$(inherited)";
				OTHER_SWIFT_FLAGS = "$(inherited)";
				SWIFT_ACTIVE_COMPILATION_CONDITIONS = "$(inherited)";
				SWIFT_VERSION = 5.0;
				TARGET_NAME = Canvas2Tests;
				TVOS_DEPLOYMENT_TARGET = 9.0;
				WATCHOS_DEPLOYMENT_TARGET = 2.0;
			};
			name = Debug;
		};
		OBJ_67 /* Release */ = {
			isa = XCBuildConfiguration;
			buildSettings = {
				CLANG_ENABLE_MODULES = YES;
				EMBEDDED_CONTENT_CONTAINS_SWIFT = YES;
				FRAMEWORK_SEARCH_PATHS = (
					"$(inherited)",
					"$(PLATFORM_DIR)/Developer/Library/Frameworks",
				);
				HEADER_SEARCH_PATHS = "$(inherited)";
				INFOPLIST_FILE = Canvas2.xcodeproj/Canvas2Tests_Info.plist;
				IPHONEOS_DEPLOYMENT_TARGET = 8.0;
				LD_RUNPATH_SEARCH_PATHS = "$(inherited) @loader_path/../Frameworks @loader_path/Frameworks";
				MACOSX_DEPLOYMENT_TARGET = 10.10;
				OTHER_CFLAGS = "$(inherited)";
				OTHER_LDFLAGS = "$(inherited)";
				OTHER_SWIFT_FLAGS = "$(inherited)";
				SWIFT_ACTIVE_COMPILATION_CONDITIONS = "$(inherited)";
				SWIFT_VERSION = 5.0;
				TARGET_NAME = Canvas2Tests;
				TVOS_DEPLOYMENT_TARGET = 9.0;
				WATCHOS_DEPLOYMENT_TARGET = 2.0;
			};
			name = Release;
		};
/* End XCBuildConfiguration section */

/* Begin XCConfigurationList section */
		OBJ_2 /* Build configuration list for PBXProject "Canvas2" */ = {
			isa = XCConfigurationList;
			buildConfigurations = (
				OBJ_3 /* Debug */,
				OBJ_4 /* Release */,
			);
			defaultConfigurationIsVisible = 0;
			defaultConfigurationName = Release;
		};
		OBJ_35 /* Build configuration list for PBXNativeTarget "Canvas2" */ = {
			isa = XCConfigurationList;
			buildConfigurations = (
				OBJ_36 /* Debug */,
				OBJ_37 /* Release */,
			);
			defaultConfigurationIsVisible = 0;
			defaultConfigurationName = Release;
		};
		OBJ_54 /* Build configuration list for PBXNativeTarget "Canvas2PackageDescription" */ = {
			isa = XCConfigurationList;
			buildConfigurations = (
				OBJ_55 /* Debug */,
				OBJ_56 /* Release */,
			);
			defaultConfigurationIsVisible = 0;
			defaultConfigurationName = Release;
		};
		OBJ_60 /* Build configuration list for PBXAggregateTarget "Canvas2PackageTests" */ = {
			isa = XCConfigurationList;
			buildConfigurations = (
				OBJ_61 /* Debug */,
				OBJ_62 /* Release */,
			);
			defaultConfigurationIsVisible = 0;
			defaultConfigurationName = Release;
		};
		OBJ_65 /* Build configuration list for PBXNativeTarget "Canvas2Tests" */ = {
			isa = XCConfigurationList;
			buildConfigurations = (
				OBJ_66 /* Debug */,
				OBJ_67 /* Release */,
			);
			defaultConfigurationIsVisible = 0;
			defaultConfigurationName = Release;
		};
/* End XCConfigurationList section */
	};
	rootObject = OBJ_1 /* Project object */;
}
